
Microsoft Visual Studio Solution File, Format Version 12.00
# Visual Studio 15
VisualStudioVersion = 15.0.28307.438
MinimumVisualStudioVersion = 10.0.40219.1
Project("{FAE04EC0-301F-11D3-BF4B-00C04F79EFBC}") = "RMDataManager", "RMDataManager\RMDataManager.csproj", "{AD4BD671-7399-46CD-B2FD-56CFC012438D}"
EndProject
Project("{00D1A9C2-B5F0-4AF3-8072-F6C62B433612}") = "RMData", "RMData\RMData.sqlproj", "{3DD913AE-C5B1-4544-A866-564919B26AAB}"
EndProject
Global
	GlobalSection(SolutionConfigurationPlatforms) = preSolution
		Debug|Any CPU = Debug|Any CPU
		Release|Any CPU = Release|Any CPU
	EndGlobalSection
	GlobalSection(ProjectConfigurationPlatforms) = postSolution
		{AD4BD671-7399-46CD-B2FD-56CFC012438D}.Debug|Any CPU.ActiveCfg = Debug|Any CPU
		{AD4BD671-7399-46CD-B2FD-56CFC012438D}.Debug|Any CPU.Build.0 = Debug|Any CPU
		{AD4BD671-7399-46CD-B2FD-56CFC012438D}.Release|Any CPU.ActiveCfg = Release|Any CPU
		{AD4BD671-7399-46CD-B2FD-56CFC012438D}.Release|Any CPU.Build.0 = Release|Any CPU
		{3DD913AE-C5B1-4544-A866-564919B26AAB}.Debug|Any CPU.ActiveCfg = Debug|Any CPU
		{3DD913AE-C5B1-4544-A866-564919B26AAB}.Debug|Any CPU.Build.0 = Debug|Any CPU
		{3DD913AE-C5B1-4544-A866-564919B26AAB}.Debug|Any CPU.Deploy.0 = Debug|Any CPU
		{3DD913AE-C5B1-4544-A866-564919B26AAB}.Release|Any CPU.ActiveCfg = Release|Any CPU
		{3DD913AE-C5B1-4544-A866-564919B26AAB}.Release|Any CPU.Build.0 = Release|Any CPU
		{3DD913AE-C5B1-4544-A866-564919B26AAB}.Release|Any CPU.Deploy.0 = Release|Any CPU
	EndGlobalSection
	GlobalSection(SolutionProperties) = preSolution
		HideSolutionNode = FALSE
	EndGlobalSection
	GlobalSection(ExtensibilityGlobals) = postSolution
		SolutionGuid = {527E4EC4-1655-4AB3-AF80-D0CE5DE5D842}
	EndGlobalSection
EndGlobal
